// !$*UTF8*$!
{
	archiveVersion = 1;
	classes = {
	};
	objectVersion = 46;
	objects = {

/* Begin PBXBuildFile section */
		55B8A9DA19C0FADC00A03817 /* AppDelegate.swift in Sources */ = {isa = PBXBuildFile; fileRef = 55B8A9D919C0FADC00A03817 /* AppDelegate.swift */; };
		55B8A9DC19C0FADC00A03817 /* RootViewController.swift in Sources */ = {isa = PBXBuildFile; fileRef = 55B8A9DB19C0FADC00A03817 /* RootViewController.swift */; };
		55B8A9DF19C0FADC00A03817 /* Main.storyboard in Resources */ = {isa = PBXBuildFile; fileRef = 55B8A9DD19C0FADC00A03817 /* Main.storyboard */; };
		55B8A9E119C0FADC00A03817 /* Images.xcassets in Resources */ = {isa = PBXBuildFile; fileRef = 55B8A9E019C0FADC00A03817 /* Images.xcassets */; };
		55B8A9F019C0FADC00A03817 /* GeneChatTests.swift in Sources */ = {isa = PBXBuildFile; fileRef = 55B8A9EF19C0FADC00A03817 /* GeneChatTests.swift */; };
		55B8A9FA19C107A100A03817 /* RedViewController.swift in Sources */ = {isa = PBXBuildFile; fileRef = 55B8A9F919C107A100A03817 /* RedViewController.swift */; };
		55B8A9FC19C1081C00A03817 /* GreenViewController.swift in Sources */ = {isa = PBXBuildFile; fileRef = 55B8A9FB19C1081C00A03817 /* GreenViewController.swift */; };
		55B8A9FE19C1086100A03817 /* BlueViewController.swift in Sources */ = {isa = PBXBuildFile; fileRef = 55B8A9FD19C1086100A03817 /* BlueViewController.swift */; };
		55B8AA0019C1E56600A03817 /* CameraViewController.swift in Sources */ = {isa = PBXBuildFile; fileRef = 55B8A9FF19C1E56600A03817 /* CameraViewController.swift */; };
		55B8AA0219C2207400A03817 /* DropboxSDK.framework in Frameworks */ = {isa = PBXBuildFile; fileRef = 55B8AA0119C2207400A03817 /* DropboxSDK.framework */; };
		55B8AA2619C2477600A03817 /* Bolts.framework in Frameworks */ = {isa = PBXBuildFile; fileRef = 55B8AA2419C2477600A03817 /* Bolts.framework */; };
		55B8AA2719C2477600A03817 /* Parse.framework in Frameworks */ = {isa = PBXBuildFile; fileRef = 55B8AA2519C2477600A03817 /* Parse.framework */; };
		55B8AA2919C250EF00A03817 /* ChatUser.swift in Sources */ = {isa = PBXBuildFile; fileRef = 55B8AA2819C250EF00A03817 /* ChatUser.swift */; };
		55B8AA2B19C32D9C00A03817 /* FriendsViewController.swift in Sources */ = {isa = PBXBuildFile; fileRef = 55B8AA2A19C32D9C00A03817 /* FriendsViewController.swift */; };
		55B8AA2D19C330D000A03817 /* FriendShip.swift in Sources */ = {isa = PBXBuildFile; fileRef = 55B8AA2C19C330D000A03817 /* FriendShip.swift */; };
		55B8AA2F19C3639900A03817 /* ChatPicture.swift in Sources */ = {isa = PBXBuildFile; fileRef = 55B8AA2E19C3639900A03817 /* ChatPicture.swift */; };
		55B8AA3119C3696300A03817 /* PreviewViewController.swift in Sources */ = {isa = PBXBuildFile; fileRef = 55B8AA3019C3696300A03817 /* PreviewViewController.swift */; };
		55B8AA3319C3733F00A03817 /* FriendCell.swift in Sources */ = {isa = PBXBuildFile; fileRef = 55B8AA3219C3733F00A03817 /* FriendCell.swift */; };
/* End PBXBuildFile section */

/* Begin PBXContainerItemProxy section */
		55B8A9EA19C0FADC00A03817 /* PBXContainerItemProxy */ = {
			isa = PBXContainerItemProxy;
			containerPortal = 55B8A9CC19C0FADC00A03817 /* Project object */;
			proxyType = 1;
			remoteGlobalIDString = 55B8A9D319C0FADC00A03817;
			remoteInfo = GeneChat;
		};
/* End PBXContainerItemProxy section */

/* Begin PBXFileReference section */
		55B8A9D419C0FADC00A03817 /* GeneChat.app */ = {isa = PBXFileReference; explicitFileType = wrapper.application; includeInIndex = 0; path = GeneChat.app; sourceTree = BUILT_PRODUCTS_DIR; };
		55B8A9D819C0FADC00A03817 /* Info.plist */ = {isa = PBXFileReference; lastKnownFileType = text.plist.xml; path = Info.plist; sourceTree = "<group>"; };
		55B8A9D919C0FADC00A03817 /* AppDelegate.swift */ = {isa = PBXFileReference; lastKnownFileType = sourcecode.swift; path = AppDelegate.swift; sourceTree = "<group>"; };
		55B8A9DB19C0FADC00A03817 /* RootViewController.swift */ = {isa = PBXFileReference; lastKnownFileType = sourcecode.swift; path = RootViewController.swift; sourceTree = "<group>"; };
		55B8A9DE19C0FADC00A03817 /* Base */ = {isa = PBXFileReference; lastKnownFileType = file.storyboard; name = Base; path = Base.lproj/Main.storyboard; sourceTree = "<group>"; };
		55B8A9E019C0FADC00A03817 /* Images.xcassets */ = {isa = PBXFileReference; lastKnownFileType = folder.assetcatalog; path = Images.xcassets; sourceTree = "<group>"; };
		55B8A9E919C0FADC00A03817 /* GeneChatTests.xctest */ = {isa = PBXFileReference; explicitFileType = wrapper.cfbundle; includeInIndex = 0; path = GeneChatTests.xctest; sourceTree = BUILT_PRODUCTS_DIR; };
		55B8A9EE19C0FADC00A03817 /* Info.plist */ = {isa = PBXFileReference; lastKnownFileType = text.plist.xml; path = Info.plist; sourceTree = "<group>"; };
		55B8A9EF19C0FADC00A03817 /* GeneChatTests.swift */ = {isa = PBXFileReference; lastKnownFileType = sourcecode.swift; path = GeneChatTests.swift; sourceTree = "<group>"; };
		55B8A9F919C107A100A03817 /* RedViewController.swift */ = {isa = PBXFileReference; fileEncoding = 4; lastKnownFileType = sourcecode.swift; path = RedViewController.swift; sourceTree = "<group>"; };
		55B8A9FB19C1081C00A03817 /* GreenViewController.swift */ = {isa = PBXFileReference; fileEncoding = 4; lastKnownFileType = sourcecode.swift; path = GreenViewController.swift; sourceTree = "<group>"; };
		55B8A9FD19C1086100A03817 /* BlueViewController.swift */ = {isa = PBXFileReference; fileEncoding = 4; lastKnownFileType = sourcecode.swift; path = BlueViewController.swift; sourceTree = "<group>"; };
		55B8A9FF19C1E56600A03817 /* CameraViewController.swift */ = {isa = PBXFileReference; fileEncoding = 4; lastKnownFileType = sourcecode.swift; path = CameraViewController.swift; sourceTree = "<group>"; };
		55B8AA0119C2207400A03817 /* DropboxSDK.framework */ = {isa = PBXFileReference; lastKnownFileType = wrapper.framework; name = DropboxSDK.framework; path = GeneChat/Framework/DropboxSDK.framework; sourceTree = "<group>"; };
		55B8AA0319C221AB00A03817 /* GeneChat-Bridging-Header.h */ = {isa = PBXFileReference; lastKnownFileType = sourcecode.c.h; path = "GeneChat-Bridging-Header.h"; sourceTree = "<group>"; };
		55B8AA2419C2477600A03817 /* Bolts.framework */ = {isa = PBXFileReference; lastKnownFileType = wrapper.framework; name = Bolts.framework; path = GeneChat/Framework/Bolts.framework; sourceTree = "<group>"; };
		55B8AA2519C2477600A03817 /* Parse.framework */ = {isa = PBXFileReference; lastKnownFileType = wrapper.framework; name = Parse.framework; path = GeneChat/Framework/Parse.framework; sourceTree = "<group>"; };
		55B8AA2819C250EF00A03817 /* ChatUser.swift */ = {isa = PBXFileReference; fileEncoding = 4; lastKnownFileType = sourcecode.swift; path = ChatUser.swift; sourceTree = "<group>"; };
		55B8AA2A19C32D9C00A03817 /* FriendsViewController.swift */ = {isa = PBXFileReference; fileEncoding = 4; lastKnownFileType = sourcecode.swift; name = FriendsViewController.swift; path = ../FriendsViewController.swift; sourceTree = "<group>"; };
		55B8AA2C19C330D000A03817 /* FriendShip.swift */ = {isa = PBXFileReference; fileEncoding = 4; lastKnownFileType = sourcecode.swift; path = FriendShip.swift; sourceTree = "<group>"; };
		55B8AA2E19C3639900A03817 /* ChatPicture.swift */ = {isa = PBXFileReference; fileEncoding = 4; lastKnownFileType = sourcecode.swift; path = ChatPicture.swift; sourceTree = "<group>"; };
		55B8AA3019C3696300A03817 /* PreviewViewController.swift */ = {isa = PBXFileReference; fileEncoding = 4; lastKnownFileType = sourcecode.swift; path = PreviewViewController.swift; sourceTree = "<group>"; };
		55B8AA3219C3733F00A03817 /* FriendCell.swift */ = {isa = PBXFileReference; fileEncoding = 4; lastKnownFileType = sourcecode.swift; path = FriendCell.swift; sourceTree = "<group>"; };
/* End PBXFileReference section */

/* Begin PBXFrameworksBuildPhase section */
		55B8A9D119C0FADC00A03817 /* Frameworks */ = {
			isa = PBXFrameworksBuildPhase;
			buildActionMask = 2147483647;
			files = (
				55B8AA0219C2207400A03817 /* DropboxSDK.framework in Frameworks */,
				55B8AA2719C2477600A03817 /* Parse.framework in Frameworks */,
				55B8AA2619C2477600A03817 /* Bolts.framework in Frameworks */,
			);
			runOnlyForDeploymentPostprocessing = 0;
		};
		55B8A9E619C0FADC00A03817 /* Frameworks */ = {
			isa = PBXFrameworksBuildPhase;
			buildActionMask = 2147483647;
			files = (
			);
			runOnlyForDeploymentPostprocessing = 0;
		};
/* End PBXFrameworksBuildPhase section */

/* Begin PBXGroup section */
		55B8A9CB19C0FADC00A03817 = {
			isa = PBXGroup;
			children = (
				55B8AA2419C2477600A03817 /* Bolts.framework */,
				55B8AA2519C2477600A03817 /* Parse.framework */,
				55B8AA0119C2207400A03817 /* DropboxSDK.framework */,
				55B8A9D619C0FADC00A03817 /* GeneChat */,
				55B8A9EC19C0FADC00A03817 /* GeneChatTests */,
				55B8A9D519C0FADC00A03817 /* Products */,
			);
			sourceTree = "<group>";
		};
		55B8A9D519C0FADC00A03817 /* Products */ = {
			isa = PBXGroup;
			children = (
				55B8A9D419C0FADC00A03817 /* GeneChat.app */,
				55B8A9E919C0FADC00A03817 /* GeneChatTests.xctest */,
			);
			name = Products;
			sourceTree = "<group>";
		};
		55B8A9D619C0FADC00A03817 /* GeneChat */ = {
			isa = PBXGroup;
			children = (
				55B8A9D919C0FADC00A03817 /* AppDelegate.swift */,
				55B8AA2A19C32D9C00A03817 /* FriendsViewController.swift */,
				55B8A9DB19C0FADC00A03817 /* RootViewController.swift */,
				55B8A9DD19C0FADC00A03817 /* Main.storyboard */,
				55B8A9F919C107A100A03817 /* RedViewController.swift */,
				55B8A9FD19C1086100A03817 /* BlueViewController.swift */,
				55B8A9FB19C1081C00A03817 /* GreenViewController.swift */,
				55B8A9FF19C1E56600A03817 /* CameraViewController.swift */,
				55B8AA2819C250EF00A03817 /* ChatUser.swift */,
				55B8AA2C19C330D000A03817 /* FriendShip.swift */,
				55B8A9E019C0FADC00A03817 /* Images.xcassets */,
				55B8A9D719C0FADC00A03817 /* Supporting Files */,
				55B8AA2E19C3639900A03817 /* ChatPicture.swift */,
				55B8AA3019C3696300A03817 /* PreviewViewController.swift */,
				55B8AA3219C3733F00A03817 /* FriendCell.swift */,
			);
			path = GeneChat;
			sourceTree = "<group>";
		};
		55B8A9D719C0FADC00A03817 /* Supporting Files */ = {
			isa = PBXGroup;
			children = (
				55B8A9D819C0FADC00A03817 /* Info.plist */,
				55B8AA0319C221AB00A03817 /* GeneChat-Bridging-Header.h */,
			);
			name = "Supporting Files";
			sourceTree = "<group>";
		};
		55B8A9EC19C0FADC00A03817 /* GeneChatTests */ = {
			isa = PBXGroup;
			children = (
				55B8A9EF19C0FADC00A03817 /* GeneChatTests.swift */,
				55B8A9ED19C0FADC00A03817 /* Supporting Files */,
			);
			path = GeneChatTests;
			sourceTree = "<group>";
		};
		55B8A9ED19C0FADC00A03817 /* Supporting Files */ = {
			isa = PBXGroup;
			children = (
				55B8A9EE19C0FADC00A03817 /* Info.plist */,
			);
			name = "Supporting Files";
			sourceTree = "<group>";
		};
/* End PBXGroup section */

/* Begin PBXNativeTarget section */
		55B8A9D319C0FADC00A03817 /* GeneChat */ = {
			isa = PBXNativeTarget;
			buildConfigurationList = 55B8A9F319C0FADC00A03817 /* Build configuration list for PBXNativeTarget "GeneChat" */;
			buildPhases = (
				55B8A9D019C0FADC00A03817 /* Sources */,
				55B8A9D119C0FADC00A03817 /* Frameworks */,
				55B8A9D219C0FADC00A03817 /* Resources */,
			);
			buildRules = (
			);
			dependencies = (
			);
			name = GeneChat;
			productName = GeneChat;
			productReference = 55B8A9D419C0FADC00A03817 /* GeneChat.app */;
			productType = "com.apple.product-type.application";
		};
		55B8A9E819C0FADC00A03817 /* GeneChatTests */ = {
			isa = PBXNativeTarget;
			buildConfigurationList = 55B8A9F619C0FADC00A03817 /* Build configuration list for PBXNativeTarget "GeneChatTests" */;
			buildPhases = (
				55B8A9E519C0FADC00A03817 /* Sources */,
				55B8A9E619C0FADC00A03817 /* Frameworks */,
				55B8A9E719C0FADC00A03817 /* Resources */,
			);
			buildRules = (
			);
			dependencies = (
				55B8A9EB19C0FADC00A03817 /* PBXTargetDependency */,
			);
			name = GeneChatTests;
			productName = GeneChatTests;
			productReference = 55B8A9E919C0FADC00A03817 /* GeneChatTests.xctest */;
			productType = "com.apple.product-type.bundle.unit-test";
		};
/* End PBXNativeTarget section */

/* Begin PBXProject section */
		55B8A9CC19C0FADC00A03817 /* Project object */ = {
			isa = PBXProject;
			attributes = {
				LastUpgradeCheck = 0600;
				ORGANIZATIONNAME = ChaCha_gmo;
				TargetAttributes = {
					55B8A9D319C0FADC00A03817 = {
						CreatedOnToolsVersion = 6.0;
					};
					55B8A9E819C0FADC00A03817 = {
						CreatedOnToolsVersion = 6.0;
						TestTargetID = 55B8A9D319C0FADC00A03817;
					};
				};
			};
			buildConfigurationList = 55B8A9CF19C0FADC00A03817 /* Build configuration list for PBXProject "GeneChat" */;
			compatibilityVersion = "Xcode 3.2";
			developmentRegion = English;
			hasScannedForEncodings = 0;
			knownRegions = (
				en,
				Base,
			);
			mainGroup = 55B8A9CB19C0FADC00A03817;
			productRefGroup = 55B8A9D519C0FADC00A03817 /* Products */;
			projectDirPath = "";
			projectRoot = "";
			targets = (
				55B8A9D319C0FADC00A03817 /* GeneChat */,
				55B8A9E819C0FADC00A03817 /* GeneChatTests */,
			);
		};
/* End PBXProject section */

/* Begin PBXResourcesBuildPhase section */
		55B8A9D219C0FADC00A03817 /* Resources */ = {
			isa = PBXResourcesBuildPhase;
			buildActionMask = 2147483647;
			files = (
				55B8A9DF19C0FADC00A03817 /* Main.storyboard in Resources */,
				55B8A9E119C0FADC00A03817 /* Images.xcassets in Resources */,
			);
			runOnlyForDeploymentPostprocessing = 0;
		};
		55B8A9E719C0FADC00A03817 /* Resources */ = {
			isa = PBXResourcesBuildPhase;
			buildActionMask = 2147483647;
			files = (
			);
			runOnlyForDeploymentPostprocessing = 0;
		};
/* End PBXResourcesBuildPhase section */

/* Begin PBXSourcesBuildPhase section */
		55B8A9D019C0FADC00A03817 /* Sources */ = {
			isa = PBXSourcesBuildPhase;
			buildActionMask = 2147483647;
			files = (
				55B8AA2F19C3639900A03817 /* ChatPicture.swift in Sources */,
				55B8AA2B19C32D9C00A03817 /* FriendsViewController.swift in Sources */,
				55B8AA2919C250EF00A03817 /* ChatUser.swift in Sources */,
				55B8A9FC19C1081C00A03817 /* GreenViewController.swift in Sources */,
				55B8AA3119C3696300A03817 /* PreviewViewController.swift in Sources */,
				55B8A9DC19C0FADC00A03817 /* RootViewController.swift in Sources */,
				55B8A9FA19C107A100A03817 /* RedViewController.swift in Sources */,
				55B8AA3319C3733F00A03817 /* FriendCell.swift in Sources */,
				55B8AA2D19C330D000A03817 /* FriendShip.swift in Sources */,
				55B8A9FE19C1086100A03817 /* BlueViewController.swift in Sources */,
				55B8A9DA19C0FADC00A03817 /* AppDelegate.swift in Sources */,
				55B8AA0019C1E56600A03817 /* CameraViewController.swift in Sources */,
			);
			runOnlyForDeploymentPostprocessing = 0;
		};
		55B8A9E519C0FADC00A03817 /* Sources */ = {
			isa = PBXSourcesBuildPhase;
			buildActionMask = 2147483647;
			files = (
				55B8A9F019C0FADC00A03817 /* GeneChatTests.swift in Sources */,
			);
			runOnlyForDeploymentPostprocessing = 0;
		};
/* End PBXSourcesBuildPhase section */

/* Begin PBXTargetDependency section */
		55B8A9EB19C0FADC00A03817 /* PBXTargetDependency */ = {
			isa = PBXTargetDependency;
			target = 55B8A9D319C0FADC00A03817 /* GeneChat */;
			targetProxy = 55B8A9EA19C0FADC00A03817 /* PBXContainerItemProxy */;
		};
/* End PBXTargetDependency section */

/* Begin PBXVariantGroup section */
		55B8A9DD19C0FADC00A03817 /* Main.storyboard */ = {
			isa = PBXVariantGroup;
			children = (
				55B8A9DE19C0FADC00A03817 /* Base */,
			);
			name = Main.storyboard;
			sourceTree = "<group>";
		};
/* End PBXVariantGroup section */

/* Begin XCBuildConfiguration section */
		55B8A9F119C0FADC00A03817 /* Debug */ = {
			isa = XCBuildConfiguration;
			buildSettings = {
				ALWAYS_SEARCH_USER_PATHS = NO;
				CLANG_CXX_LANGUAGE_STANDARD = "gnu++0x";
				CLANG_CXX_LIBRARY = "libc++";
				CLANG_ENABLE_MODULES = YES;
				CLANG_ENABLE_OBJC_ARC = YES;
				CLANG_WARN_BOOL_CONVERSION = YES;
				CLANG_WARN_CONSTANT_CONVERSION = YES;
				CLANG_WARN_DIRECT_OBJC_ISA_USAGE = YES_ERROR;
				CLANG_WARN_EMPTY_BODY = YES;
				CLANG_WARN_ENUM_CONVERSION = YES;
				CLANG_WARN_INT_CONVERSION = YES;
				CLANG_WARN_OBJC_ROOT_CLASS = YES_ERROR;
				CLANG_WARN_UNREACHABLE_CODE = YES;
				CLANG_WARN__DUPLICATE_METHOD_MATCH = YES;
				"CODE_SIGN_IDENTITY[sdk=iphoneos*]" = "iPhone Developer";
				COPY_PHASE_STRIP = NO;
				ENABLE_STRICT_OBJC_MSGSEND = YES;
				GCC_C_LANGUAGE_STANDARD = gnu99;
				GCC_DYNAMIC_NO_PIC = NO;
				GCC_OPTIMIZATION_LEVEL = 0;
				GCC_PREPROCESSOR_DEFINITIONS = (
					"DEBUG=1",
					"$(inherited)",
				);
				GCC_SYMBOLS_PRIVATE_EXTERN = NO;
				GCC_WARN_64_TO_32_BIT_CONVERSION = YES;
				GCC_WARN_ABOUT_RETURN_TYPE = YES_ERROR;
				GCC_WARN_UNDECLARED_SELECTOR = YES;
				GCC_WARN_UNINITIALIZED_AUTOS = YES_AGGRESSIVE;
				GCC_WARN_UNUSED_FUNCTION = YES;
				GCC_WARN_UNUSED_VARIABLE = YES;
				IPHONEOS_DEPLOYMENT_TARGET = 8.0;
				MTL_ENABLE_DEBUG_INFO = YES;
				ONLY_ACTIVE_ARCH = YES;
				SDKROOT = iphoneos;
				SWIFT_OPTIMIZATION_LEVEL = "-Onone";
			};
			name = Debug;
		};
		55B8A9F219C0FADC00A03817 /* Release */ = {
			isa = XCBuildConfiguration;
			buildSettings = {
				ALWAYS_SEARCH_USER_PATHS = NO;
				CLANG_CXX_LANGUAGE_STANDARD = "gnu++0x";
				CLANG_CXX_LIBRARY = "libc++";
				CLANG_ENABLE_MODULES = YES;
				CLANG_ENABLE_OBJC_ARC = YES;
				CLANG_WARN_BOOL_CONVERSION = YES;
				CLANG_WARN_CONSTANT_CONVERSION = YES;
				CLANG_WARN_DIRECT_OBJC_ISA_USAGE = YES_ERROR;
				CLANG_WARN_EMPTY_BODY = YES;
				CLANG_WARN_ENUM_CONVERSION = YES;
				CLANG_WARN_INT_CONVERSION = YES;
				CLANG_WARN_OBJC_ROOT_CLASS = YES_ERROR;
				CLANG_WARN_UNREACHABLE_CODE = YES;
				CLANG_WARN__DUPLICATE_METHOD_MATCH = YES;
				"CODE_SIGN_IDENTITY[sdk=iphoneos*]" = "iPhone Developer";
				COPY_PHASE_STRIP = YES;
				ENABLE_NS_ASSERTIONS = NO;
				ENABLE_STRICT_OBJC_MSGSEND = YES;
				GCC_C_LANGUAGE_STANDARD = gnu99;
				GCC_WARN_64_TO_32_BIT_CONVERSION = YES;
				GCC_WARN_ABOUT_RETURN_TYPE = YES_ERROR;
				GCC_WARN_UNDECLARED_SELECTOR = YES;
				GCC_WARN_UNINITIALIZED_AUTOS = YES_AGGRESSIVE;
				GCC_WARN_UNUSED_FUNCTION = YES;
				GCC_WARN_UNUSED_VARIABLE = YES;
				IPHONEOS_DEPLOYMENT_TARGET = 8.0;
				MTL_ENABLE_DEBUG_INFO = NO;
				SDKROOT = iphoneos;
				VALIDATE_PRODUCT = YES;
			};
			name = Release;
		};
		55B8A9F419C0FADC00A03817 /* Debug */ = {
			isa = XCBuildConfiguration;
			buildSettings = {
				ASSETCATALOG_COMPILER_APPICON_NAME = AppIcon;
				ASSETCATALOG_COMPILER_LAUNCHIMAGE_NAME = "LaunchImage-2";
				CLANG_ENABLE_MODULES = YES;
				FRAMEWORK_SEARCH_PATHS = (
					"$(inherited)",
					"$(PROJECT_DIR)/GeneChat/Framework",
				);
				INFOPLIST_FILE = GeneChat/Info.plist;
				IPHONEOS_DEPLOYMENT_TARGET = 7.1;
				LD_RUNPATH_SEARCH_PATHS = "$(inherited) @executable_path/Frameworks";
				PRODUCT_NAME = "$(TARGET_NAME)";
				SWIFT_OBJC_BRIDGING_HEADER = "GeneChat/GeneChat-Bridging-Header.h";
				SWIFT_OPTIMIZATION_LEVEL = "-Onone";
			};
			name = Debug;
		};
		55B8A9F519C0FADC00A03817 /* Release */ = {
			isa = XCBuildConfiguration;
			buildSettings = {
				ASSETCATALOG_COMPILER_APPICON_NAME = AppIcon;
				ASSETCATALOG_COMPILER_LAUNCHIMAGE_NAME = "LaunchImage-2";
				CLANG_ENABLE_MODULES = YES;
				FRAMEWORK_SEARCH_PATHS = (
					"$(inherited)",
					"$(PROJECT_DIR)/GeneChat/Framework",
				);
				INFOPLIST_FILE = GeneChat/Info.plist;
				IPHONEOS_DEPLOYMENT_TARGET = 7.1;
				LD_RUNPATH_SEARCH_PATHS = "$(inherited) @executable_path/Frameworks";
				PRODUCT_NAME = "$(TARGET_NAME)";
				SWIFT_OBJC_BRIDGING_HEADER = "GeneChat/GeneChat-Bridging-Header.h";
			};
			name = Release;
		};
		55B8A9F719C0FADC00A03817 /* Debug */ = {
			isa = XCBuildConfiguration;
			buildSettings = {
				BUNDLE_LOADER = "$(TEST_HOST)";
				FRAMEWORK_SEARCH_PATHS = (
					"$(SDKROOT)/Developer/Library/Frameworks",
					"$(inherited)",
				);
				GCC_PREPROCESSOR_DEFINITIONS = (
					"DEBUG=1",
					"$(inherited)",
				);
				INFOPLIST_FILE = GeneChatTests/Info.plist;
				LD_RUNPATH_SEARCH_PATHS = "$(inherited) @executable_path/Frameworks @loader_path/Frameworks";
				PRODUCT_NAME = "$(TARGET_NAME)";
				TEST_HOST = "$(BUILT_PRODUCTS_DIR)/GeneChat.app/GeneChat";
			};
			name = Debug;
		};
		55B8A9F819C0FADC00A03817 /* Release */ = {
			isa = XCBuildConfiguration;
			buildSettings = {
				BUNDLE_LOADER = "$(TEST_HOST)";
				FRAMEWORK_SEARCH_PATHS = (
					"$(SDKROOT)/Developer/Library/Frameworks",
					"$(inherited)",
				);
				INFOPLIST_FILE = GeneChatTests/Info.plist;
				LD_RUNPATH_SEARCH_PATHS = "$(inherited) @executable_path/Frameworks @loader_path/Frameworks";
				PRODUCT_NAME = "$(TARGET_NAME)";
				TEST_HOST = "$(BUILT_PRODUCTS_DIR)/GeneChat.app/GeneChat";
			};
			name = Release;
		};
/* End XCBuildConfiguration section */

/* Begin XCConfigurationList section */
		55B8A9CF19C0FADC00A03817 /* Build configuration list for PBXProject "GeneChat" */ = {
			isa = XCConfigurationList;
			buildConfigurations = (
				55B8A9F119C0FADC00A03817 /* Debug */,
				55B8A9F219C0FADC00A03817 /* Release */,
			);
			defaultConfigurationIsVisible = 0;
			defaultConfigurationName = Release;
		};
		55B8A9F319C0FADC00A03817 /* Build configuration list for PBXNativeTarget "GeneChat" */ = {
			isa = XCConfigurationList;
			buildConfigurations = (
				55B8A9F419C0FADC00A03817 /* Debug */,
				55B8A9F519C0FADC00A03817 /* Release */,
			);
			defaultConfigurationIsVisible = 0;
			defaultConfigurationName = Release;
		};
		55B8A9F619C0FADC00A03817 /* Build configuration list for PBXNativeTarget "GeneChatTests" */ = {
			isa = XCConfigurationList;
			buildConfigurations = (
				55B8A9F719C0FADC00A03817 /* Debug */,
				55B8A9F819C0FADC00A03817 /* Release */,
			);
			defaultConfigurationIsVisible = 0;
			defaultConfigurationName = Release;
		};
/* End XCConfigurationList section */
	};
	rootObject = 55B8A9CC19C0FADC00A03817 /* Project object */;
}
